
Microsoft Visual Studio Solution File, Format Version 12.00
# Visual Studio 15
Project("{FAE04EC0-301F-11D3-BF4B-00C04F79EFBC}") = "BookApp", "BookApp\BookApp.csproj", "{97041BCA-4E1B-47AD-848A-AAD24FE49726}"
EndProject
Global
	GlobalSection(SolutionConfigurationPlatforms) = preSolution
		Debug|anycpu = Debug|anycpu
		Release|anycpu = Release|anycpu
	EndGlobalSection
	GlobalSection(ProjectConfigurationPlatforms) = postSolution
		{97041BCA-4E1B-47AD-848A-AAD24FE49726}.Debug|anycpu.ActiveCfg = Debug|anycpu
		{97041BCA-4E1B-47AD-848A-AAD24FE49726}.Debug|anycpu.Build.0 = Debug|anycpu
		{97041BCA-4E1B-47AD-848A-AAD24FE49726}.Release|anycpu.ActiveCfg = Release|anycpu
		{97041BCA-4E1B-47AD-848A-AAD24FE49726}.Release|anycpu.Build.0 = Release|anycpu
	EndGlobalSection
EndGlobal
